// !$*UTF8*$!
{
	archiveVersion = 1;
	classes = {
	};
	objectVersion = 46;
	objects = {

/* Begin PBXBuildFile section */
		FED45DD71C8F7D7C000881B3 /* AppDelegate.swift in Sources */ = {isa = PBXBuildFile; fileRef = FED45DD61C8F7D7C000881B3 /* AppDelegate.swift */; };
		FED45DD91C8F7D7C000881B3 /* ViewController.swift in Sources */ = {isa = PBXBuildFile; fileRef = FED45DD81C8F7D7C000881B3 /* ViewController.swift */; };
		FED45DDC1C8F7D7C000881B3 /* Main.storyboard in Resources */ = {isa = PBXBuildFile; fileRef = FED45DDA1C8F7D7C000881B3 /* Main.storyboard */; };
		FED45DDE1C8F7D7C000881B3 /* Assets.xcassets in Resources */ = {isa = PBXBuildFile; fileRef = FED45DDD1C8F7D7C000881B3 /* Assets.xcassets */; };
		FED45DE11C8F7D7C000881B3 /* LaunchScreen.storyboard in Resources */ = {isa = PBXBuildFile; fileRef = FED45DDF1C8F7D7C000881B3 /* LaunchScreen.storyboard */; };
		FED45DEC1C8F7D7C000881B3 /* FocoUnlockedFeedTests.swift in Sources */ = {isa = PBXBuildFile; fileRef = FED45DEB1C8F7D7C000881B3 /* FocoUnlockedFeedTests.swift */; };
/* End PBXBuildFile section */

/* Begin PBXContainerItemProxy section */
		FED45DE81C8F7D7C000881B3 /* PBXContainerItemProxy */ = {
			isa = PBXContainerItemProxy;
			containerPortal = FED45DCB1C8F7D7C000881B3 /* Project object */;
			proxyType = 1;
			remoteGlobalIDString = FED45DD21C8F7D7C000881B3;
			remoteInfo = FocoUnlockedFeed;
		};
/* End PBXContainerItemProxy section */

/* Begin PBXFileReference section */
		FED45DD31C8F7D7C000881B3 /* FocoUnlockedFeed.app */ = {isa = PBXFileReference; explicitFileType = wrapper.application; includeInIndex = 0; path = FocoUnlockedFeed.app; sourceTree = BUILT_PRODUCTS_DIR; };
		FED45DD61C8F7D7C000881B3 /* AppDelegate.swift */ = {isa = PBXFileReference; lastKnownFileType = sourcecode.swift; path = AppDelegate.swift; sourceTree = "<group>"; };
		FED45DD81C8F7D7C000881B3 /* ViewController.swift */ = {isa = PBXFileReference; lastKnownFileType = sourcecode.swift; path = ViewController.swift; sourceTree = "<group>"; };
		FED45DDB1C8F7D7C000881B3 /* Base */ = {isa = PBXFileReference; lastKnownFileType = file.storyboard; name = Base; path = Base.lproj/Main.storyboard; sourceTree = "<group>"; };
		FED45DDD1C8F7D7C000881B3 /* Assets.xcassets */ = {isa = PBXFileReference; lastKnownFileType = folder.assetcatalog; path = Assets.xcassets; sourceTree = "<group>"; };
		FED45DE01C8F7D7C000881B3 /* Base */ = {isa = PBXFileReference; lastKnownFileType = file.storyboard; name = Base; path = Base.lproj/LaunchScreen.storyboard; sourceTree = "<group>"; };
		FED45DE21C8F7D7C000881B3 /* Info.plist */ = {isa = PBXFileReference; lastKnownFileType = text.plist.xml; path = Info.plist; sourceTree = "<group>"; };
		FED45DE71C8F7D7C000881B3 /* FocoUnlockedFeedTests.xctest */ = {isa = PBXFileReference; explicitFileType = wrapper.cfbundle; includeInIndex = 0; path = FocoUnlockedFeedTests.xctest; sourceTree = BUILT_PRODUCTS_DIR; };
		FED45DEB1C8F7D7C000881B3 /* FocoUnlockedFeedTests.swift */ = {isa = PBXFileReference; lastKnownFileType = sourcecode.swift; path = FocoUnlockedFeedTests.swift; sourceTree = "<group>"; };
		FED45DED1C8F7D7C000881B3 /* Info.plist */ = {isa = PBXFileReference; lastKnownFileType = text.plist.xml; path = Info.plist; sourceTree = "<group>"; };
/* End PBXFileReference section */

/* Begin PBXFrameworksBuildPhase section */
		FED45DD01C8F7D7C000881B3 /* Frameworks */ = {
			isa = PBXFrameworksBuildPhase;
			buildActionMask = 2147483647;
			files = (
			);
			runOnlyForDeploymentPostprocessing = 0;
		};
		FED45DE41C8F7D7C000881B3 /* Frameworks */ = {
			isa = PBXFrameworksBuildPhase;
			buildActionMask = 2147483647;
			files = (
			);
			runOnlyForDeploymentPostprocessing = 0;
		};
/* End PBXFrameworksBuildPhase section */

/* Begin PBXGroup section */
		FED45DCA1C8F7D7C000881B3 = {
			isa = PBXGroup;
			children = (
				FED45DD51C8F7D7C000881B3 /* FocoUnlockedFeed */,
				FED45DEA1C8F7D7C000881B3 /* FocoUnlockedFeedTests */,
				FED45DD41C8F7D7C000881B3 /* Products */,
			);
			sourceTree = "<group>";
		};
		FED45DD41C8F7D7C000881B3 /* Products */ = {
			isa = PBXGroup;
			children = (
				FED45DD31C8F7D7C000881B3 /* FocoUnlockedFeed.app */,
				FED45DE71C8F7D7C000881B3 /* FocoUnlockedFeedTests.xctest */,
			);
			name = Products;
			sourceTree = "<group>";
		};
		FED45DD51C8F7D7C000881B3 /* FocoUnlockedFeed */ = {
			isa = PBXGroup;
			children = (
				FED45DD61C8F7D7C000881B3 /* AppDelegate.swift */,
				FED45DD81C8F7D7C000881B3 /* ViewController.swift */,
				FED45DDA1C8F7D7C000881B3 /* Main.storyboard */,
				FED45DDD1C8F7D7C000881B3 /* Assets.xcassets */,
				FED45DDF1C8F7D7C000881B3 /* LaunchScreen.storyboard */,
				FED45DE21C8F7D7C000881B3 /* Info.plist */,
			);
			path = FocoUnlockedFeed;
			sourceTree = "<group>";
		};
		FED45DEA1C8F7D7C000881B3 /* FocoUnlockedFeedTests */ = {
			isa = PBXGroup;
			children = (
				FED45DEB1C8F7D7C000881B3 /* FocoUnlockedFeedTests.swift */,
				FED45DED1C8F7D7C000881B3 /* Info.plist */,
			);
			path = FocoUnlockedFeedTests;
			sourceTree = "<group>";
		};
/* End PBXGroup section */

/* Begin PBXNativeTarget section */
		FED45DD21C8F7D7C000881B3 /* FocoUnlockedFeed */ = {
			isa = PBXNativeTarget;
			buildConfigurationList = FED45DF01C8F7D7C000881B3 /* Build configuration list for PBXNativeTarget "FocoUnlockedFeed" */;
			buildPhases = (
				FED45DCF1C8F7D7C000881B3 /* Sources */,
				FED45DD01C8F7D7C000881B3 /* Frameworks */,
				FED45DD11C8F7D7C000881B3 /* Resources */,
			);
			buildRules = (
			);
			dependencies = (
			);
			name = FocoUnlockedFeed;
			productName = FocoUnlockedFeed;
			productReference = FED45DD31C8F7D7C000881B3 /* FocoUnlockedFeed.app */;
			productType = "com.apple.product-type.application";
		};
		FED45DE61C8F7D7C000881B3 /* FocoUnlockedFeedTests */ = {
			isa = PBXNativeTarget;
			buildConfigurationList = FED45DF31C8F7D7C000881B3 /* Build configuration list for PBXNativeTarget "FocoUnlockedFeedTests" */;
			buildPhases = (
				FED45DE31C8F7D7C000881B3 /* Sources */,
				FED45DE41C8F7D7C000881B3 /* Frameworks */,
				FED45DE51C8F7D7C000881B3 /* Resources */,
			);
			buildRules = (
			);
			dependencies = (
				FED45DE91C8F7D7C000881B3 /* PBXTargetDependency */,
			);
			name = FocoUnlockedFeedTests;
			productName = FocoUnlockedFeedTests;
			productReference = FED45DE71C8F7D7C000881B3 /* FocoUnlockedFeedTests.xctest */;
			productType = "com.apple.product-type.bundle.unit-test";
		};
/* End PBXNativeTarget section */

/* Begin PBXProject section */
		FED45DCB1C8F7D7C000881B3 /* Project object */ = {
			isa = PBXProject;
			attributes = {
				LastSwiftUpdateCheck = 0720;
				LastUpgradeCheck = 0720;
				ORGANIZATIONNAME = "Madison Minsk";
				TargetAttributes = {
					FED45DD21C8F7D7C000881B3 = {
						CreatedOnToolsVersion = 7.2.1;
					};
					FED45DE61C8F7D7C000881B3 = {
						CreatedOnToolsVersion = 7.2.1;
						TestTargetID = FED45DD21C8F7D7C000881B3;
					};
				};
			};
			buildConfigurationList = FED45DCE1C8F7D7C000881B3 /* Build configuration list for PBXProject "FocoUnlockedFeed" */;
			compatibilityVersion = "Xcode 3.2";
			developmentRegion = English;
			hasScannedForEncodings = 0;
			knownRegions = (
				en,
				Base,
			);
			mainGroup = FED45DCA1C8F7D7C000881B3;
			productRefGroup = FED45DD41C8F7D7C000881B3 /* Products */;
			projectDirPath = "";
			projectRoot = "";
			targets = (
				FED45DD21C8F7D7C000881B3 /* FocoUnlockedFeed */,
				FED45DE61C8F7D7C000881B3 /* FocoUnlockedFeedTests */,
			);
		};
/* End PBXProject section */

/* Begin PBXResourcesBuildPhase section */
		FED45DD11C8F7D7C000881B3 /* Resources */ = {
			isa = PBXResourcesBuildPhase;
			buildActionMask = 2147483647;
			files = (
				FED45DE11C8F7D7C000881B3 /* LaunchScreen.storyboard in Resources */,
				FED45DDE1C8F7D7C000881B3 /* Assets.xcassets in Resources */,
				FED45DDC1C8F7D7C000881B3 /* Main.storyboard in Resources */,
			);
			runOnlyForDeploymentPostprocessing = 0;
		};
		FED45DE51C8F7D7C000881B3 /* Resources */ = {
			isa = PBXResourcesBuildPhase;
			buildActionMask = 2147483647;
			files = (
			);
			runOnlyForDeploymentPostprocessing = 0;
		};
/* End PBXResourcesBuildPhase section */

/* Begin PBXSourcesBuildPhase section */
		FED45DCF1C8F7D7C000881B3 /* Sources */ = {
			isa = PBXSourcesBuildPhase;
			buildActionMask = 2147483647;
			files = (
				FED45DD91C8F7D7C000881B3 /* ViewController.swift in Sources */,
				FED45DD71C8F7D7C000881B3 /* AppDelegate.swift in Sources */,
			);
			runOnlyForDeploymentPostprocessing = 0;
		};
		FED45DE31C8F7D7C000881B3 /* Sources */ = {
			isa = PBXSourcesBuildPhase;
			buildActionMask = 2147483647;
			files = (
				FED45DEC1C8F7D7C000881B3 /* FocoUnlockedFeedTests.swift in Sources */,
			);
			runOnlyForDeploymentPostprocessing = 0;
		};
/* End PBXSourcesBuildPhase section */

/* Begin PBXTargetDependency section */
		FED45DE91C8F7D7C000881B3 /* PBXTargetDependency */ = {
			isa = PBXTargetDependency;
			target = FED45DD21C8F7D7C000881B3 /* FocoUnlockedFeed */;
			targetProxy = FED45DE81C8F7D7C000881B3 /* PBXContainerItemProxy */;
		};
/* End PBXTargetDependency section */

/* Begin PBXVariantGroup section */
		FED45DDA1C8F7D7C000881B3 /* Main.storyboard */ = {
			isa = PBXVariantGroup;
			children = (
				FED45DDB1C8F7D7C000881B3 /* Base */,
			);
			name = Main.storyboard;
			sourceTree = "<group>";
		};
		FED45DDF1C8F7D7C000881B3 /* LaunchScreen.storyboard */ = {
			isa = PBXVariantGroup;
			children = (
				FED45DE01C8F7D7C000881B3 /* Base */,
			);
			name = LaunchScreen.storyboard;
			sourceTree = "<group>";
		};
/* End PBXVariantGroup section */

/* Begin XCBuildConfiguration section */
		FED45DEE1C8F7D7C000881B3 /* Debug */ = {
			isa = XCBuildConfiguration;
			buildSettings = {
				ALWAYS_SEARCH_USER_PATHS = NO;
				CLANG_CXX_LANGUAGE_STANDARD = "gnu++0x";
				CLANG_CXX_LIBRARY = "libc++";
				CLANG_ENABLE_MODULES = YES;
				CLANG_ENABLE_OBJC_ARC = YES;
				CLANG_WARN_BOOL_CONVERSION = YES;
				CLANG_WARN_CONSTANT_CONVERSION = YES;
				CLANG_WARN_DIRECT_OBJC_ISA_USAGE = YES_ERROR;
				CLANG_WARN_EMPTY_BODY = YES;
				CLANG_WARN_ENUM_CONVERSION = YES;
				CLANG_WARN_INT_CONVERSION = YES;
				CLANG_WARN_OBJC_ROOT_CLASS = YES_ERROR;
				CLANG_WARN_UNREACHABLE_CODE = YES;
				CLANG_WARN__DUPLICATE_METHOD_MATCH = YES;
				"CODE_SIGN_IDENTITY[sdk=iphoneos*]" = "iPhone Developer";
				COPY_PHASE_STRIP = NO;
				DEBUG_INFORMATION_FORMAT = dwarf;
				ENABLE_STRICT_OBJC_MSGSEND = YES;
				ENABLE_TESTABILITY = YES;
				GCC_C_LANGUAGE_STANDARD = gnu99;
				GCC_DYNAMIC_NO_PIC = NO;
				GCC_NO_COMMON_BLOCKS = YES;
				GCC_OPTIMIZATION_LEVEL = 0;
				GCC_PREPROCESSOR_DEFINITIONS = (
					"DEBUG=1",
					"$(inherited)",
				);
				GCC_WARN_64_TO_32_BIT_CONVERSION = YES;
				GCC_WARN_ABOUT_RETURN_TYPE = YES_ERROR;
				GCC_WARN_UNDECLARED_SELECTOR = YES;
				GCC_WARN_UNINITIALIZED_AUTOS = YES_AGGRESSIVE;
				GCC_WARN_UNUSED_FUNCTION = YES;
				GCC_WARN_UNUSED_VARIABLE = YES;
				IPHONEOS_DEPLOYMENT_TARGET = 9.2;
				MTL_ENABLE_DEBUG_INFO = YES;
				ONLY_ACTIVE_ARCH = YES;
				SDKROOT = iphoneos;
				SWIFT_OPTIMIZATION_LEVEL = "-Onone";
				TARGETED_DEVICE_FAMILY = "1,2";
			};
			name = Debug;
		};
		FED45DEF1C8F7D7C000881B3 /* Release */ = {
			isa = XCBuildConfiguration;
			buildSettings = {
				ALWAYS_SEARCH_USER_PATHS = NO;
				CLANG_CXX_LANGUAGE_STANDARD = "gnu++0x";
				CLANG_CXX_LIBRARY = "libc++";
				CLANG_ENABLE_MODULES = YES;
				CLANG_ENABLE_OBJC_ARC = YES;
				CLANG_WARN_BOOL_CONVERSION = YES;
				CLANG_WARN_CONSTANT_CONVERSION = YES;
				CLANG_WARN_DIRECT_OBJC_ISA_USAGE = YES_ERROR;
				CLANG_WARN_EMPTY_BODY = YES;
				CLANG_WARN_ENUM_CONVERSION = YES;
				CLANG_WARN_INT_CONVERSION = YES;
				CLANG_WARN_OBJC_ROOT_CLASS = YES_ERROR;
				CLANG_WARN_UNREACHABLE_CODE = YES;
				CLANG_WARN__DUPLICATE_METHOD_MATCH = YES;
				"CODE_SIGN_IDENTITY[sdk=iphoneos*]" = "iPhone Developer";
				COPY_PHASE_STRIP = NO;
				DEBUG_INFORMATION_FORMAT = "dwarf-with-dsym";
				ENABLE_NS_ASSERTIONS = NO;
				ENABLE_STRICT_OBJC_MSGSEND = YES;
				GCC_C_LANGUAGE_STANDARD = gnu99;
				GCC_NO_COMMON_BLOCKS = YES;
				GCC_WARN_64_TO_32_BIT_CONVERSION = YES;
				GCC_WARN_ABOUT_RETURN_TYPE = YES_ERROR;
				GCC_WARN_UNDECLARED_SELECTOR = YES;
				GCC_WARN_UNINITIALIZED_AUTOS = YES_AGGRESSIVE;
				GCC_WARN_UNUSED_FUNCTION = YES;
				GCC_WARN_UNUSED_VARIABLE = YES;
				IPHONEOS_DEPLOYMENT_TARGET = 9.2;
				MTL_ENABLE_DEBUG_INFO = NO;
				SDKROOT = iphoneos;
				TARGETED_DEVICE_FAMILY = "1,2";
				VALIDATE_PRODUCT = YES;
			};
			name = Release;
		};
		FED45DF11C8F7D7C000881B3 /* Debug */ = {
			isa = XCBuildConfiguration;
			buildSettings = {
				ASSETCATALOG_COMPILER_APPICON_NAME = AppIcon;
				INFOPLIST_FILE = FocoUnlockedFeed/Info.plist;
				LD_RUNPATH_SEARCH_PATHS = "$(inherited) @executable_path/Frameworks";
				PRODUCT_BUNDLE_IDENTIFIER = com.example.FocoUnlockedFeed;
				PRODUCT_NAME = "$(TARGET_NAME)";
			};
			name = Debug;
		};
		FED45DF21C8F7D7C000881B3 /* Release */ = {
			isa = XCBuildConfiguration;
			buildSettings = {
				ASSETCATALOG_COMPILER_APPICON_NAME = AppIcon;
				INFOPLIST_FILE = FocoUnlockedFeed/Info.plist;
				LD_RUNPATH_SEARCH_PATHS = "$(inherited) @executable_path/Frameworks";
				PRODUCT_BUNDLE_IDENTIFIER = com.example.FocoUnlockedFeed;
				PRODUCT_NAME = "$(TARGET_NAME)";
			};
			name = Release;
		};
		FED45DF41C8F7D7C000881B3 /* Debug */ = {
			isa = XCBuildConfiguration;
			buildSettings = {
				BUNDLE_LOADER = "$(TEST_HOST)";
				INFOPLIST_FILE = FocoUnlockedFeedTests/Info.plist;
				LD_RUNPATH_SEARCH_PATHS = "$(inherited) @executable_path/Frameworks @loader_path/Frameworks";
				PRODUCT_BUNDLE_IDENTIFIER = com.example.FocoUnlockedFeedTests;
				PRODUCT_NAME = "$(TARGET_NAME)";
				TEST_HOST = "$(BUILT_PRODUCTS_DIR)/FocoUnlockedFeed.app/FocoUnlockedFeed";
			};
			name = Debug;
		};
		FED45DF51C8F7D7C000881B3 /* Release */ = {
			isa = XCBuildConfiguration;
			buildSettings = {
				BUNDLE_LOADER = "$(TEST_HOST)";
				INFOPLIST_FILE = FocoUnlockedFeedTests/Info.plist;
				LD_RUNPATH_SEARCH_PATHS = "$(inherited) @executable_path/Frameworks @loader_path/Frameworks";
				PRODUCT_BUNDLE_IDENTIFIER = com.example.FocoUnlockedFeedTests;
				PRODUCT_NAME = "$(TARGET_NAME)";
				TEST_HOST = "$(BUILT_PRODUCTS_DIR)/FocoUnlockedFeed.app/FocoUnlockedFeed";
			};
			name = Release;
		};
/* End XCBuildConfiguration section */

/* Begin XCConfigurationList section */
		FED45DCE1C8F7D7C000881B3 /* Build configuration list for PBXProject "FocoUnlockedFeed" */ = {
			isa = XCConfigurationList;
			buildConfigurations = (
				FED45DEE1C8F7D7C000881B3 /* Debug */,
				FED45DEF1C8F7D7C000881B3 /* Release */,
			);
			defaultConfigurationIsVisible = 0;
			defaultConfigurationName = Release;
		};
		FED45DF01C8F7D7C000881B3 /* Build configuration list for PBXNativeTarget "FocoUnlockedFeed" */ = {
			isa = XCConfigurationList;
			buildConfigurations = (
				FED45DF11C8F7D7C000881B3 /* Debug */,
				FED45DF21C8F7D7C000881B3 /* Release */,
			);
			defaultConfigurationIsVisible = 0;
		};
		FED45DF31C8F7D7C000881B3 /* Build configuration list for PBXNativeTarget "FocoUnlockedFeedTests" */ = {
			isa = XCConfigurationList;
			buildConfigurations = (
				FED45DF41C8F7D7C000881B3 /* Debug */,
				FED45DF51C8F7D7C000881B3 /* Release */,
			);
			defaultConfigurationIsVisible = 0;
		};
/* End XCConfigurationList section */
	};
	rootObject = FED45DCB1C8F7D7C000881B3 /* Project object */;
}
